// !$*UTF8*$!
{
	archiveVersion = 1;
	classes = {
	};
	objectVersion = 56;
	objects = {

/* Begin PBXBuildFile section */
		5C91AFC2BFC946C8932915EF /* Pods_CameraFilter_RxSwift_CameraFilter_RxSwiftUITests.framework in Frameworks */ = {isa = PBXBuildFile; fileRef = 22E287F9E3B8481493B3722D /* Pods_CameraFilter_RxSwift_CameraFilter_RxSwiftUITests.framework */; };
		915BA4FF2A3265C800F2F429 /* PhotoCollectionViewCell.swift in Sources */ = {isa = PBXBuildFile; fileRef = 915BA4FE2A3265C800F2F429 /* PhotoCollectionViewCell.swift */; };
		91B1976C2A31C4ED00075F04 /* AppDelegate.swift in Sources */ = {isa = PBXBuildFile; fileRef = 91B1976B2A31C4ED00075F04 /* AppDelegate.swift */; };
		91B1976E2A31C4ED00075F04 /* SceneDelegate.swift in Sources */ = {isa = PBXBuildFile; fileRef = 91B1976D2A31C4ED00075F04 /* SceneDelegate.swift */; };
		91B197702A31C4ED00075F04 /* ViewController.swift in Sources */ = {isa = PBXBuildFile; fileRef = 91B1976F2A31C4ED00075F04 /* ViewController.swift */; };
		91B197732A31C4ED00075F04 /* Main.storyboard in Resources */ = {isa = PBXBuildFile; fileRef = 91B197712A31C4ED00075F04 /* Main.storyboard */; };
		91B197752A31C4EF00075F04 /* Assets.xcassets in Resources */ = {isa = PBXBuildFile; fileRef = 91B197742A31C4EF00075F04 /* Assets.xcassets */; };
		91B197782A31C4EF00075F04 /* LaunchScreen.storyboard in Resources */ = {isa = PBXBuildFile; fileRef = 91B197762A31C4EF00075F04 /* LaunchScreen.storyboard */; };
		91B197832A31C4EF00075F04 /* CameraFilter_RxSwiftTests.swift in Sources */ = {isa = PBXBuildFile; fileRef = 91B197822A31C4EF00075F04 /* CameraFilter_RxSwiftTests.swift */; };
		91B1978D2A31C4EF00075F04 /* CameraFilter_RxSwiftUITests.swift in Sources */ = {isa = PBXBuildFile; fileRef = 91B1978C2A31C4EF00075F04 /* CameraFilter_RxSwiftUITests.swift */; };
		91B1978F2A31C4EF00075F04 /* CameraFilter_RxSwiftUITestsLaunchTests.swift in Sources */ = {isa = PBXBuildFile; fileRef = 91B1978E2A31C4EF00075F04 /* CameraFilter_RxSwiftUITestsLaunchTests.swift */; };
		91B1979C2A31C8EB00075F04 /* PhotosCollectionViewController.swift in Sources */ = {isa = PBXBuildFile; fileRef = 91B1979B2A31C8EB00075F04 /* PhotosCollectionViewController.swift */; };
		91DA7DAD2A35B9C900E6B0E6 /* FilterService.swift in Sources */ = {isa = PBXBuildFile; fileRef = 91DA7DAC2A35B9C900E6B0E6 /* FilterService.swift */; };
		9CA9285A7DD6AAB96A29FC3B /* Pods_CameraFilter_RxSwiftTests.framework in Frameworks */ = {isa = PBXBuildFile; fileRef = 30492FECD07018AD6B6C21EF /* Pods_CameraFilter_RxSwiftTests.framework */; };
		C1655A7F29B41DF6BB4589F0 /* Pods_CameraFilter_RxSwift.framework in Frameworks */ = {isa = PBXBuildFile; fileRef = DF29D38D5D9961B388008270 /* Pods_CameraFilter_RxSwift.framework */; };
/* End PBXBuildFile section */

/* Begin PBXContainerItemProxy section */
		91B1977F2A31C4EF00075F04 /* PBXContainerItemProxy */ = {
			isa = PBXContainerItemProxy;
			containerPortal = 91B197602A31C4ED00075F04 /* Project object */;
			proxyType = 1;
			remoteGlobalIDString = 91B197672A31C4ED00075F04;
			remoteInfo = "CameraFilter-RxSwift";
		};
		91B197892A31C4EF00075F04 /* PBXContainerItemProxy */ = {
			isa = PBXContainerItemProxy;
			containerPortal = 91B197602A31C4ED00075F04 /* Project object */;
			proxyType = 1;
			remoteGlobalIDString = 91B197672A31C4ED00075F04;
			remoteInfo = "CameraFilter-RxSwift";
		};
/* End PBXContainerItemProxy section */

/* Begin PBXFileReference section */
		18B6F17D3FB7DFCF7958E342 /* Pods-CameraFilter-RxSwift.debug.xcconfig */ = {isa = PBXFileReference; includeInIndex = 1; lastKnownFileType = text.xcconfig; name = "Pods-CameraFilter-RxSwift.debug.xcconfig"; path = "Target Support Files/Pods-CameraFilter-RxSwift/Pods-CameraFilter-RxSwift.debug.xcconfig"; sourceTree = "<group>"; };
		194DEE4365542DAB6A011E81 /* Pods-CameraFilter-RxSwiftTests.release.xcconfig */ = {isa = PBXFileReference; includeInIndex = 1; lastKnownFileType = text.xcconfig; name = "Pods-CameraFilter-RxSwiftTests.release.xcconfig"; path = "Target Support Files/Pods-CameraFilter-RxSwiftTests/Pods-CameraFilter-RxSwiftTests.release.xcconfig"; sourceTree = "<group>"; };
		22E287F9E3B8481493B3722D /* Pods_CameraFilter_RxSwift_CameraFilter_RxSwiftUITests.framework */ = {isa = PBXFileReference; explicitFileType = wrapper.framework; includeInIndex = 0; path = Pods_CameraFilter_RxSwift_CameraFilter_RxSwiftUITests.framework; sourceTree = BUILT_PRODUCTS_DIR; };
		23D7E5A361FE73B5F860B4F1 /* Pods-CameraFilter-RxSwiftTests.debug.xcconfig */ = {isa = PBXFileReference; includeInIndex = 1; lastKnownFileType = text.xcconfig; name = "Pods-CameraFilter-RxSwiftTests.debug.xcconfig"; path = "Target Support Files/Pods-CameraFilter-RxSwiftTests/Pods-CameraFilter-RxSwiftTests.debug.xcconfig"; sourceTree = "<group>"; };
		30492FECD07018AD6B6C21EF /* Pods_CameraFilter_RxSwiftTests.framework */ = {isa = PBXFileReference; explicitFileType = wrapper.framework; includeInIndex = 0; path = Pods_CameraFilter_RxSwiftTests.framework; sourceTree = BUILT_PRODUCTS_DIR; };
		5B11EDB47BABA52A1F53A169 /* Pods-CameraFilter-RxSwift-CameraFilter-RxSwiftUITests.release.xcconfig */ = {isa = PBXFileReference; includeInIndex = 1; lastKnownFileType = text.xcconfig; name = "Pods-CameraFilter-RxSwift-CameraFilter-RxSwiftUITests.release.xcconfig"; path = "Target Support Files/Pods-CameraFilter-RxSwift-CameraFilter-RxSwiftUITests/Pods-CameraFilter-RxSwift-CameraFilter-RxSwiftUITests.release.xcconfig"; sourceTree = "<group>"; };
		72F5178ACAC415CBF92D7D93 /* Pods-CameraFilter-RxSwift.release.xcconfig */ = {isa = PBXFileReference; includeInIndex = 1; lastKnownFileType = text.xcconfig; name = "Pods-CameraFilter-RxSwift.release.xcconfig"; path = "Target Support Files/Pods-CameraFilter-RxSwift/Pods-CameraFilter-RxSwift.release.xcconfig"; sourceTree = "<group>"; };
		915BA4FE2A3265C800F2F429 /* PhotoCollectionViewCell.swift */ = {isa = PBXFileReference; lastKnownFileType = sourcecode.swift; path = PhotoCollectionViewCell.swift; sourceTree = "<group>"; };
		91B197682A31C4ED00075F04 /* CameraFilter-RxSwift.app */ = {isa = PBXFileReference; explicitFileType = wrapper.application; includeInIndex = 0; path = "CameraFilter-RxSwift.app"; sourceTree = BUILT_PRODUCTS_DIR; };
		91B1976B2A31C4ED00075F04 /* AppDelegate.swift */ = {isa = PBXFileReference; lastKnownFileType = sourcecode.swift; path = AppDelegate.swift; sourceTree = "<group>"; };
		91B1976D2A31C4ED00075F04 /* SceneDelegate.swift */ = {isa = PBXFileReference; lastKnownFileType = sourcecode.swift; path = SceneDelegate.swift; sourceTree = "<group>"; };
		91B1976F2A31C4ED00075F04 /* ViewController.swift */ = {isa = PBXFileReference; lastKnownFileType = sourcecode.swift; path = ViewController.swift; sourceTree = "<group>"; };
		91B197722A31C4ED00075F04 /* Base */ = {isa = PBXFileReference; lastKnownFileType = file.storyboard; name = Base; path = Base.lproj/Main.storyboard; sourceTree = "<group>"; };
		91B197742A31C4EF00075F04 /* Assets.xcassets */ = {isa = PBXFileReference; lastKnownFileType = folder.assetcatalog; path = Assets.xcassets; sourceTree = "<group>"; };
		91B197772A31C4EF00075F04 /* Base */ = {isa = PBXFileReference; lastKnownFileType = file.storyboard; name = Base; path = Base.lproj/LaunchScreen.storyboard; sourceTree = "<group>"; };
		91B197792A31C4EF00075F04 /* Info.plist */ = {isa = PBXFileReference; lastKnownFileType = text.plist.xml; path = Info.plist; sourceTree = "<group>"; };
		91B1977E2A31C4EF00075F04 /* CameraFilter-RxSwiftTests.xctest */ = {isa = PBXFileReference; explicitFileType = wrapper.cfbundle; includeInIndex = 0; path = "CameraFilter-RxSwiftTests.xctest"; sourceTree = BUILT_PRODUCTS_DIR; };
		91B197822A31C4EF00075F04 /* CameraFilter_RxSwiftTests.swift */ = {isa = PBXFileReference; lastKnownFileType = sourcecode.swift; path = CameraFilter_RxSwiftTests.swift; sourceTree = "<group>"; };
		91B197882A31C4EF00075F04 /* CameraFilter-RxSwiftUITests.xctest */ = {isa = PBXFileReference; explicitFileType = wrapper.cfbundle; includeInIndex = 0; path = "CameraFilter-RxSwiftUITests.xctest"; sourceTree = BUILT_PRODUCTS_DIR; };
		91B1978C2A31C4EF00075F04 /* CameraFilter_RxSwiftUITests.swift */ = {isa = PBXFileReference; lastKnownFileType = sourcecode.swift; path = CameraFilter_RxSwiftUITests.swift; sourceTree = "<group>"; };
		91B1978E2A31C4EF00075F04 /* CameraFilter_RxSwiftUITestsLaunchTests.swift */ = {isa = PBXFileReference; lastKnownFileType = sourcecode.swift; path = CameraFilter_RxSwiftUITestsLaunchTests.swift; sourceTree = "<group>"; };
		91B1979B2A31C8EB00075F04 /* PhotosCollectionViewController.swift */ = {isa = PBXFileReference; lastKnownFileType = sourcecode.swift; path = PhotosCollectionViewController.swift; sourceTree = "<group>"; };
		91DA7DAC2A35B9C900E6B0E6 /* FilterService.swift */ = {isa = PBXFileReference; lastKnownFileType = sourcecode.swift; path = FilterService.swift; sourceTree = "<group>"; };
		ABE408FBFD7CBC980F2F7D2A /* Pods-CameraFilter-RxSwift-CameraFilter-RxSwiftUITests.debug.xcconfig */ = {isa = PBXFileReference; includeInIndex = 1; lastKnownFileType = text.xcconfig; name = "Pods-CameraFilter-RxSwift-CameraFilter-RxSwiftUITests.debug.xcconfig"; path = "Target Support Files/Pods-CameraFilter-RxSwift-CameraFilter-RxSwiftUITests/Pods-CameraFilter-RxSwift-CameraFilter-RxSwiftUITests.debug.xcconfig"; sourceTree = "<group>"; };
		DF29D38D5D9961B388008270 /* Pods_CameraFilter_RxSwift.framework */ = {isa = PBXFileReference; explicitFileType = wrapper.framework; includeInIndex = 0; path = Pods_CameraFilter_RxSwift.framework; sourceTree = BUILT_PRODUCTS_DIR; };
/* End PBXFileReference section */

/* Begin PBXFrameworksBuildPhase section */
		91B197652A31C4ED00075F04 /* Frameworks */ = {
			isa = PBXFrameworksBuildPhase;
			buildActionMask = 2147483647;
			files = (
				C1655A7F29B41DF6BB4589F0 /* Pods_CameraFilter_RxSwift.framework in Frameworks */,
			);
			runOnlyForDeploymentPostprocessing = 0;
		};
		91B1977B2A31C4EF00075F04 /* Frameworks */ = {
			isa = PBXFrameworksBuildPhase;
			buildActionMask = 2147483647;
			files = (
				9CA9285A7DD6AAB96A29FC3B /* Pods_CameraFilter_RxSwiftTests.framework in Frameworks */,
			);
			runOnlyForDeploymentPostprocessing = 0;
		};
		91B197852A31C4EF00075F04 /* Frameworks */ = {
			isa = PBXFrameworksBuildPhase;
			buildActionMask = 2147483647;
			files = (
				5C91AFC2BFC946C8932915EF /* Pods_CameraFilter_RxSwift_CameraFilter_RxSwiftUITests.framework in Frameworks */,
			);
			runOnlyForDeploymentPostprocessing = 0;
		};
/* End PBXFrameworksBuildPhase section */

/* Begin PBXGroup section */
		8797EE3B7E4BCA8EE7079A02 /* Frameworks */ = {
			isa = PBXGroup;
			children = (
				DF29D38D5D9961B388008270 /* Pods_CameraFilter_RxSwift.framework */,
				22E287F9E3B8481493B3722D /* Pods_CameraFilter_RxSwift_CameraFilter_RxSwiftUITests.framework */,
				30492FECD07018AD6B6C21EF /* Pods_CameraFilter_RxSwiftTests.framework */,
			);
			name = Frameworks;
			sourceTree = "<group>";
		};
		91A8AA362A348B05004B59BF /* PhotosCollection */ = {
			isa = PBXGroup;
			children = (
				91B1979B2A31C8EB00075F04 /* PhotosCollectionViewController.swift */,
				915BA4FE2A3265C800F2F429 /* PhotoCollectionViewCell.swift */,
			);
			path = PhotosCollection;
			sourceTree = "<group>";
		};
		91A8AA372A348B12004B59BF /* Modules */ = {
			isa = PBXGroup;
			children = (
				91A8AA362A348B05004B59BF /* PhotosCollection */,
			);
			path = Modules;
			sourceTree = "<group>";
		};
		91B1975F2A31C4ED00075F04 = {
			isa = PBXGroup;
			children = (
				91B1976A2A31C4ED00075F04 /* CameraFilter-RxSwift */,
				91B197812A31C4EF00075F04 /* CameraFilter-RxSwiftTests */,
				91B1978B2A31C4EF00075F04 /* CameraFilter-RxSwiftUITests */,
				91B197692A31C4ED00075F04 /* Products */,
				BCCDC871790EA92CF4D749AF /* Pods */,
				8797EE3B7E4BCA8EE7079A02 /* Frameworks */,
			);
			sourceTree = "<group>";
		};
		91B197692A31C4ED00075F04 /* Products */ = {
			isa = PBXGroup;
			children = (
				91B197682A31C4ED00075F04 /* CameraFilter-RxSwift.app */,
				91B1977E2A31C4EF00075F04 /* CameraFilter-RxSwiftTests.xctest */,
				91B197882A31C4EF00075F04 /* CameraFilter-RxSwiftUITests.xctest */,
			);
			name = Products;
			sourceTree = "<group>";
		};
		91B1976A2A31C4ED00075F04 /* CameraFilter-RxSwift */ = {
			isa = PBXGroup;
			children = (
				91DA7DAB2A35B9B300E6B0E6 /* Services */,
				91A8AA372A348B12004B59BF /* Modules */,
				91B1976B2A31C4ED00075F04 /* AppDelegate.swift */,
				91B1976D2A31C4ED00075F04 /* SceneDelegate.swift */,
				91B1976F2A31C4ED00075F04 /* ViewController.swift */,
				91B197712A31C4ED00075F04 /* Main.storyboard */,
				91B197742A31C4EF00075F04 /* Assets.xcassets */,
				91B197762A31C4EF00075F04 /* LaunchScreen.storyboard */,
				91B197792A31C4EF00075F04 /* Info.plist */,
			);
			path = "CameraFilter-RxSwift";
			sourceTree = "<group>";
		};
		91B197812A31C4EF00075F04 /* CameraFilter-RxSwiftTests */ = {
			isa = PBXGroup;
			children = (
				91B197822A31C4EF00075F04 /* CameraFilter_RxSwiftTests.swift */,
			);
			path = "CameraFilter-RxSwiftTests";
			sourceTree = "<group>";
		};
		91B1978B2A31C4EF00075F04 /* CameraFilter-RxSwiftUITests */ = {
			isa = PBXGroup;
			children = (
				91B1978C2A31C4EF00075F04 /* CameraFilter_RxSwiftUITests.swift */,
				91B1978E2A31C4EF00075F04 /* CameraFilter_RxSwiftUITestsLaunchTests.swift */,
			);
			path = "CameraFilter-RxSwiftUITests";
			sourceTree = "<group>";
		};
		91DA7DAB2A35B9B300E6B0E6 /* Services */ = {
			isa = PBXGroup;
			children = (
				91DA7DAC2A35B9C900E6B0E6 /* FilterService.swift */,
			);
			path = Services;
			sourceTree = "<group>";
		};
		BCCDC871790EA92CF4D749AF /* Pods */ = {
			isa = PBXGroup;
			children = (
				18B6F17D3FB7DFCF7958E342 /* Pods-CameraFilter-RxSwift.debug.xcconfig */,
				72F5178ACAC415CBF92D7D93 /* Pods-CameraFilter-RxSwift.release.xcconfig */,
				ABE408FBFD7CBC980F2F7D2A /* Pods-CameraFilter-RxSwift-CameraFilter-RxSwiftUITests.debug.xcconfig */,
				5B11EDB47BABA52A1F53A169 /* Pods-CameraFilter-RxSwift-CameraFilter-RxSwiftUITests.release.xcconfig */,
				23D7E5A361FE73B5F860B4F1 /* Pods-CameraFilter-RxSwiftTests.debug.xcconfig */,
				194DEE4365542DAB6A011E81 /* Pods-CameraFilter-RxSwiftTests.release.xcconfig */,
			);
			path = Pods;
			sourceTree = "<group>";
		};
/* End PBXGroup section */

/* Begin PBXNativeTarget section */
		91B197672A31C4ED00075F04 /* CameraFilter-RxSwift */ = {
			isa = PBXNativeTarget;
			buildConfigurationList = 91B197922A31C4EF00075F04 /* Build configuration list for PBXNativeTarget "CameraFilter-RxSwift" */;
			buildPhases = (
				FFF75DC77CE9506251A7E034 /* [CP] Check Pods Manifest.lock */,
				91B197642A31C4ED00075F04 /* Sources */,
				91B197652A31C4ED00075F04 /* Frameworks */,
				91B197662A31C4ED00075F04 /* Resources */,
				2E156ACD332134CF1947452D /* [CP] Embed Pods Frameworks */,
			);
			buildRules = (
			);
			dependencies = (
			);
			name = "CameraFilter-RxSwift";
			productName = "CameraFilter-RxSwift";
			productReference = 91B197682A31C4ED00075F04 /* CameraFilter-RxSwift.app */;
			productType = "com.apple.product-type.application";
		};
		91B1977D2A31C4EF00075F04 /* CameraFilter-RxSwiftTests */ = {
			isa = PBXNativeTarget;
			buildConfigurationList = 91B197952A31C4EF00075F04 /* Build configuration list for PBXNativeTarget "CameraFilter-RxSwiftTests" */;
			buildPhases = (
				40292F9CB9E607BD23FC38DC /* [CP] Check Pods Manifest.lock */,
				91B1977A2A31C4EF00075F04 /* Sources */,
				91B1977B2A31C4EF00075F04 /* Frameworks */,
				91B1977C2A31C4EF00075F04 /* Resources */,
			);
			buildRules = (
			);
			dependencies = (
				91B197802A31C4EF00075F04 /* PBXTargetDependency */,
			);
			name = "CameraFilter-RxSwiftTests";
			productName = "CameraFilter-RxSwiftTests";
			productReference = 91B1977E2A31C4EF00075F04 /* CameraFilter-RxSwiftTests.xctest */;
			productType = "com.apple.product-type.bundle.unit-test";
		};
		91B197872A31C4EF00075F04 /* CameraFilter-RxSwiftUITests */ = {
			isa = PBXNativeTarget;
			buildConfigurationList = 91B197982A31C4EF00075F04 /* Build configuration list for PBXNativeTarget "CameraFilter-RxSwiftUITests" */;
			buildPhases = (
				32FD6F02EA9897EA1D55808D /* [CP] Check Pods Manifest.lock */,
				91B197842A31C4EF00075F04 /* Sources */,
				91B197852A31C4EF00075F04 /* Frameworks */,
				91B197862A31C4EF00075F04 /* Resources */,
				5166C762ABAFF55112353000 /* [CP] Embed Pods Frameworks */,
			);
			buildRules = (
			);
			dependencies = (
				91B1978A2A31C4EF00075F04 /* PBXTargetDependency */,
			);
			name = "CameraFilter-RxSwiftUITests";
			productName = "CameraFilter-RxSwiftUITests";
			productReference = 91B197882A31C4EF00075F04 /* CameraFilter-RxSwiftUITests.xctest */;
			productType = "com.apple.product-type.bundle.ui-testing";
		};
/* End PBXNativeTarget section */

/* Begin PBXProject section */
		91B197602A31C4ED00075F04 /* Project object */ = {
			isa = PBXProject;
			attributes = {
				BuildIndependentTargetsInParallel = 1;
				LastSwiftUpdateCheck = 1420;
				LastUpgradeCheck = 1420;
				TargetAttributes = {
					91B197672A31C4ED00075F04 = {
						CreatedOnToolsVersion = 14.2;
					};
					91B1977D2A31C4EF00075F04 = {
						CreatedOnToolsVersion = 14.2;
						TestTargetID = 91B197672A31C4ED00075F04;
					};
					91B197872A31C4EF00075F04 = {
						CreatedOnToolsVersion = 14.2;
						TestTargetID = 91B197672A31C4ED00075F04;
					};
				};
			};
			buildConfigurationList = 91B197632A31C4ED00075F04 /* Build configuration list for PBXProject "CameraFilter-RxSwift" */;
			compatibilityVersion = "Xcode 14.0";
			developmentRegion = en;
			hasScannedForEncodings = 0;
			knownRegions = (
				en,
				Base,
			);
			mainGroup = 91B1975F2A31C4ED00075F04;
			productRefGroup = 91B197692A31C4ED00075F04 /* Products */;
			projectDirPath = "";
			projectRoot = "";
			targets = (
				91B197672A31C4ED00075F04 /* CameraFilter-RxSwift */,
				91B1977D2A31C4EF00075F04 /* CameraFilter-RxSwiftTests */,
				91B197872A31C4EF00075F04 /* CameraFilter-RxSwiftUITests */,
			);
		};
/* End PBXProject section */

/* Begin PBXResourcesBuildPhase section */
		91B197662A31C4ED00075F04 /* Resources */ = {
			isa = PBXResourcesBuildPhase;
			buildActionMask = 2147483647;
			files = (
				91B197782A31C4EF00075F04 /* LaunchScreen.storyboard in Resources */,
				91B197752A31C4EF00075F04 /* Assets.xcassets in Resources */,
				91B197732A31C4ED00075F04 /* Main.storyboard in Resources */,
			);
			runOnlyForDeploymentPostprocessing = 0;
		};
		91B1977C2A31C4EF00075F04 /* Resources */ = {
			isa = PBXResourcesBuildPhase;
			buildActionMask = 2147483647;
			files = (
			);
			runOnlyForDeploymentPostprocessing = 0;
		};
		91B197862A31C4EF00075F04 /* Resources */ = {
			isa = PBXResourcesBuildPhase;
			buildActionMask = 2147483647;
			files = (
			);
			runOnlyForDeploymentPostprocessing = 0;
		};
/* End PBXResourcesBuildPhase section */

/* Begin PBXShellScriptBuildPhase section */
		2E156ACD332134CF1947452D /* [CP] Embed Pods Frameworks */ = {
			isa = PBXShellScriptBuildPhase;
			buildActionMask = 2147483647;
			files = (
			);
			inputFileListPaths = (
				"${PODS_ROOT}/Target Support Files/Pods-CameraFilter-RxSwift/Pods-CameraFilter-RxSwift-frameworks-${CONFIGURATION}-input-files.xcfilelist",
			);
			name = "[CP] Embed Pods Frameworks";
			outputFileListPaths = (
				"${PODS_ROOT}/Target Support Files/Pods-CameraFilter-RxSwift/Pods-CameraFilter-RxSwift-frameworks-${CONFIGURATION}-output-files.xcfilelist",
			);
			runOnlyForDeploymentPostprocessing = 0;
			shellPath = /bin/sh;
			shellScript = "\"${PODS_ROOT}/Target Support Files/Pods-CameraFilter-RxSwift/Pods-CameraFilter-RxSwift-frameworks.sh\"\n";
			showEnvVarsInLog = 0;
		};
		32FD6F02EA9897EA1D55808D /* [CP] Check Pods Manifest.lock */ = {
			isa = PBXShellScriptBuildPhase;
			buildActionMask = 2147483647;
			files = (
			);
			inputFileListPaths = (
			);
			inputPaths = (
				"${PODS_PODFILE_DIR_PATH}/Podfile.lock",
				"${PODS_ROOT}/Manifest.lock",
			);
			name = "[CP] Check Pods Manifest.lock";
			outputFileListPaths = (
			);
			outputPaths = (
				"$(DERIVED_FILE_DIR)/Pods-CameraFilter-RxSwift-CameraFilter-RxSwiftUITests-checkManifestLockResult.txt",
			);
			runOnlyForDeploymentPostprocessing = 0;
			shellPath = /bin/sh;
			shellScript = "diff \"${PODS_PODFILE_DIR_PATH}/Podfile.lock\" \"${PODS_ROOT}/Manifest.lock\" > /dev/null\nif [ $? != 0 ] ; then\n    # print error to STDERR\n    echo \"error: The sandbox is not in sync with the Podfile.lock. Run 'pod install' or update your CocoaPods installation.\" >&2\n    exit 1\nfi\n# This output is used by Xcode 'outputs' to avoid re-running this script phase.\necho \"SUCCESS\" > \"${SCRIPT_OUTPUT_FILE_0}\"\n";
			showEnvVarsInLog = 0;
		};
		40292F9CB9E607BD23FC38DC /* [CP] Check Pods Manifest.lock */ = {
			isa = PBXShellScriptBuildPhase;
			buildActionMask = 2147483647;
			files = (
			);
			inputFileListPaths = (
			);
			inputPaths = (
				"${PODS_PODFILE_DIR_PATH}/Podfile.lock",
				"${PODS_ROOT}/Manifest.lock",
			);
			name = "[CP] Check Pods Manifest.lock";
			outputFileListPaths = (
			);
			outputPaths = (
				"$(DERIVED_FILE_DIR)/Pods-CameraFilter-RxSwiftTests-checkManifestLockResult.txt",
			);
			runOnlyForDeploymentPostprocessing = 0;
			shellPath = /bin/sh;
			shellScript = "diff \"${PODS_PODFILE_DIR_PATH}/Podfile.lock\" \"${PODS_ROOT}/Manifest.lock\" > /dev/null\nif [ $? != 0 ] ; then\n    # print error to STDERR\n    echo \"error: The sandbox is not in sync with the Podfile.lock. Run 'pod install' or update your CocoaPods installation.\" >&2\n    exit 1\nfi\n# This output is used by Xcode 'outputs' to avoid re-running this script phase.\necho \"SUCCESS\" > \"${SCRIPT_OUTPUT_FILE_0}\"\n";
			showEnvVarsInLog = 0;
		};
		5166C762ABAFF55112353000 /* [CP] Embed Pods Frameworks */ = {
			isa = PBXShellScriptBuildPhase;
			buildActionMask = 2147483647;
			files = (
			);
			inputFileListPaths = (
				"${PODS_ROOT}/Target Support Files/Pods-CameraFilter-RxSwift-CameraFilter-RxSwiftUITests/Pods-CameraFilter-RxSwift-CameraFilter-RxSwiftUITests-frameworks-${CONFIGURATION}-input-files.xcfilelist",
			);
			name = "[CP] Embed Pods Frameworks";
			outputFileListPaths = (
				"${PODS_ROOT}/Target Support Files/Pods-CameraFilter-RxSwift-CameraFilter-RxSwiftUITests/Pods-CameraFilter-RxSwift-CameraFilter-RxSwiftUITests-frameworks-${CONFIGURATION}-output-files.xcfilelist",
			);
			runOnlyForDeploymentPostprocessing = 0;
			shellPath = /bin/sh;
			shellScript = "\"${PODS_ROOT}/Target Support Files/Pods-CameraFilter-RxSwift-CameraFilter-RxSwiftUITests/Pods-CameraFilter-RxSwift-CameraFilter-RxSwiftUITests-frameworks.sh\"\n";
			showEnvVarsInLog = 0;
		};
		FFF75DC77CE9506251A7E034 /* [CP] Check Pods Manifest.lock */ = {
			isa = PBXShellScriptBuildPhase;
			buildActionMask = 2147483647;
			files = (
			);
			inputFileListPaths = (
			);
			inputPaths = (
				"${PODS_PODFILE_DIR_PATH}/Podfile.lock",
				"${PODS_ROOT}/Manifest.lock",
			);
			name = "[CP] Check Pods Manifest.lock";
			outputFileListPaths = (
			);
			outputPaths = (
				"$(DERIVED_FILE_DIR)/Pods-CameraFilter-RxSwift-checkManifestLockResult.txt",
			);
			runOnlyForDeploymentPostprocessing = 0;
			shellPath = /bin/sh;
			shellScript = "diff \"${PODS_PODFILE_DIR_PATH}/Podfile.lock\" \"${PODS_ROOT}/Manifest.lock\" > /dev/null\nif [ $? != 0 ] ; then\n    # print error to STDERR\n    echo \"error: The sandbox is not in sync with the Podfile.lock. Run 'pod install' or update your CocoaPods installation.\" >&2\n    exit 1\nfi\n# This output is used by Xcode 'outputs' to avoid re-running this script phase.\necho \"SUCCESS\" > \"${SCRIPT_OUTPUT_FILE_0}\"\n";
			showEnvVarsInLog = 0;
		};
/* End PBXShellScriptBuildPhase section */

/* Begin PBXSourcesBuildPhase section */
		91B197642A31C4ED00075F04 /* Sources */ = {
			isa = PBXSourcesBuildPhase;
			buildActionMask = 2147483647;
			files = (
				91B197702A31C4ED00075F04 /* ViewController.swift in Sources */,
				915BA4FF2A3265C800F2F429 /* PhotoCollectionViewCell.swift in Sources */,
				91B1976C2A31C4ED00075F04 /* AppDelegate.swift in Sources */,
				91DA7DAD2A35B9C900E6B0E6 /* FilterService.swift in Sources */,
				91B1976E2A31C4ED00075F04 /* SceneDelegate.swift in Sources */,
				91B1979C2A31C8EB00075F04 /* PhotosCollectionViewController.swift in Sources */,
			);
			runOnlyForDeploymentPostprocessing = 0;
		};
		91B1977A2A31C4EF00075F04 /* Sources */ = {
			isa = PBXSourcesBuildPhase;
			buildActionMask = 2147483647;
			files = (
				91B197832A31C4EF00075F04 /* CameraFilter_RxSwiftTests.swift in Sources */,
			);
			runOnlyForDeploymentPostprocessing = 0;
		};
		91B197842A31C4EF00075F04 /* Sources */ = {
			isa = PBXSourcesBuildPhase;
			buildActionMask = 2147483647;
			files = (
				91B1978D2A31C4EF00075F04 /* CameraFilter_RxSwiftUITests.swift in Sources */,
				91B1978F2A31C4EF00075F04 /* CameraFilter_RxSwiftUITestsLaunchTests.swift in Sources */,
			);
			runOnlyForDeploymentPostprocessing = 0;
		};
/* End PBXSourcesBuildPhase section */

/* Begin PBXTargetDependency section */
		91B197802A31C4EF00075F04 /* PBXTargetDependency */ = {
			isa = PBXTargetDependency;
			target = 91B197672A31C4ED00075F04 /* CameraFilter-RxSwift */;
			targetProxy = 91B1977F2A31C4EF00075F04 /* PBXContainerItemProxy */;
		};
		91B1978A2A31C4EF00075F04 /* PBXTargetDependency */ = {
			isa = PBXTargetDependency;
			target = 91B197672A31C4ED00075F04 /* CameraFilter-RxSwift */;
			targetProxy = 91B197892A31C4EF00075F04 /* PBXContainerItemProxy */;
		};
/* End PBXTargetDependency section */

/* Begin PBXVariantGroup section */
		91B197712A31C4ED00075F04 /* Main.storyboard */ = {
			isa = PBXVariantGroup;
			children = (
				91B197722A31C4ED00075F04 /* Base */,
			);
			name = Main.storyboard;
			sourceTree = "<group>";
		};
		91B197762A31C4EF00075F04 /* LaunchScreen.storyboard */ = {
			isa = PBXVariantGroup;
			children = (
				91B197772A31C4EF00075F04 /* Base */,
			);
			name = LaunchScreen.storyboard;
			sourceTree = "<group>";
		};
/* End PBXVariantGroup section */

/* Begin XCBuildConfiguration section */
		91B197902A31C4EF00075F04 /* Debug */ = {
			isa = XCBuildConfiguration;
			buildSettings = {
				ALWAYS_SEARCH_USER_PATHS = NO;
				CLANG_ANALYZER_NONNULL = YES;
				CLANG_ANALYZER_NUMBER_OBJECT_CONVERSION = YES_AGGRESSIVE;
				CLANG_CXX_LANGUAGE_STANDARD = "gnu++20";
				CLANG_ENABLE_MODULES = YES;
				CLANG_ENABLE_OBJC_ARC = YES;
				CLANG_ENABLE_OBJC_WEAK = YES;
				CLANG_WARN_BLOCK_CAPTURE_AUTORELEASING = YES;
				CLANG_WARN_BOOL_CONVERSION = YES;
				CLANG_WARN_COMMA = YES;
				CLANG_WARN_CONSTANT_CONVERSION = YES;
				CLANG_WARN_DEPRECATED_OBJC_IMPLEMENTATIONS = YES;
				CLANG_WARN_DIRECT_OBJC_ISA_USAGE = YES_ERROR;
				CLANG_WARN_DOCUMENTATION_COMMENTS = YES;
				CLANG_WARN_EMPTY_BODY = YES;
				CLANG_WARN_ENUM_CONVERSION = YES;
				CLANG_WARN_INFINITE_RECURSION = YES;
				CLANG_WARN_INT_CONVERSION = YES;
				CLANG_WARN_NON_LITERAL_NULL_CONVERSION = YES;
				CLANG_WARN_OBJC_IMPLICIT_RETAIN_SELF = YES;
				CLANG_WARN_OBJC_LITERAL_CONVERSION = YES;
				CLANG_WARN_OBJC_ROOT_CLASS = YES_ERROR;
				CLANG_WARN_QUOTED_INCLUDE_IN_FRAMEWORK_HEADER = YES;
				CLANG_WARN_RANGE_LOOP_ANALYSIS = YES;
				CLANG_WARN_STRICT_PROTOTYPES = YES;
				CLANG_WARN_SUSPICIOUS_MOVE = YES;
				CLANG_WARN_UNGUARDED_AVAILABILITY = YES_AGGRESSIVE;
				CLANG_WARN_UNREACHABLE_CODE = YES;
				CLANG_WARN__DUPLICATE_METHOD_MATCH = YES;
				COPY_PHASE_STRIP = NO;
				DEBUG_INFORMATION_FORMAT = dwarf;
				ENABLE_STRICT_OBJC_MSGSEND = YES;
				ENABLE_TESTABILITY = YES;
				GCC_C_LANGUAGE_STANDARD = gnu11;
				GCC_DYNAMIC_NO_PIC = NO;
				GCC_NO_COMMON_BLOCKS = YES;
				GCC_OPTIMIZATION_LEVEL = 0;
				GCC_PREPROCESSOR_DEFINITIONS = (
					"DEBUG=1",
					"$(inherited)",
				);
				GCC_WARN_64_TO_32_BIT_CONVERSION = YES;
				GCC_WARN_ABOUT_RETURN_TYPE = YES_ERROR;
				GCC_WARN_UNDECLARED_SELECTOR = YES;
				GCC_WARN_UNINITIALIZED_AUTOS = YES_AGGRESSIVE;
				GCC_WARN_UNUSED_FUNCTION = YES;
				GCC_WARN_UNUSED_VARIABLE = YES;
				IPHONEOS_DEPLOYMENT_TARGET = 16.2;
				MTL_ENABLE_DEBUG_INFO = INCLUDE_SOURCE;
				MTL_FAST_MATH = YES;
				ONLY_ACTIVE_ARCH = YES;
				SDKROOT = iphoneos;
				SWIFT_ACTIVE_COMPILATION_CONDITIONS = DEBUG;
				SWIFT_OPTIMIZATION_LEVEL = "-Onone";
			};
			name = Debug;
		};
		91B197912A31C4EF00075F04 /* Release */ = {
			isa = XCBuildConfiguration;
			buildSettings = {
				ALWAYS_SEARCH_USER_PATHS = NO;
				CLANG_ANALYZER_NONNULL = YES;
				CLANG_ANALYZER_NUMBER_OBJECT_CONVERSION = YES_AGGRESSIVE;
				CLANG_CXX_LANGUAGE_STANDARD = "gnu++20";
				CLANG_ENABLE_MODULES = YES;
				CLANG_ENABLE_OBJC_ARC = YES;
				CLANG_ENABLE_OBJC_WEAK = YES;
				CLANG_WARN_BLOCK_CAPTURE_AUTORELEASING = YES;
				CLANG_WARN_BOOL_CONVERSION = YES;
				CLANG_WARN_COMMA = YES;
				CLANG_WARN_CONSTANT_CONVERSION = YES;
				CLANG_WARN_DEPRECATED_OBJC_IMPLEMENTATIONS = YES;
				CLANG_WARN_DIRECT_OBJC_ISA_USAGE = YES_ERROR;
				CLANG_WARN_DOCUMENTATION_COMMENTS = YES;
				CLANG_WARN_EMPTY_BODY = YES;
				CLANG_WARN_ENUM_CONVERSION = YES;
				CLANG_WARN_INFINITE_RECURSION = YES;
				CLANG_WARN_INT_CONVERSION = YES;
				CLANG_WARN_NON_LITERAL_NULL_CONVERSION = YES;
				CLANG_WARN_OBJC_IMPLICIT_RETAIN_SELF = YES;
				CLANG_WARN_OBJC_LITERAL_CONVERSION = YES;
				CLANG_WARN_OBJC_ROOT_CLASS = YES_ERROR;
				CLANG_WARN_QUOTED_INCLUDE_IN_FRAMEWORK_HEADER = YES;
				CLANG_WARN_RANGE_LOOP_ANALYSIS = YES;
				CLANG_WARN_STRICT_PROTOTYPES = YES;
				CLANG_WARN_SUSPICIOUS_MOVE = YES;
				CLANG_WARN_UNGUARDED_AVAILABILITY = YES_AGGRESSIVE;
				CLANG_WARN_UNREACHABLE_CODE = YES;
				CLANG_WARN__DUPLICATE_METHOD_MATCH = YES;
				COPY_PHASE_STRIP = NO;
				DEBUG_INFORMATION_FORMAT = "dwarf-with-dsym";
				ENABLE_NS_ASSERTIONS = NO;
				ENABLE_STRICT_OBJC_MSGSEND = YES;
				GCC_C_LANGUAGE_STANDARD = gnu11;
				GCC_NO_COMMON_BLOCKS = YES;
				GCC_WARN_64_TO_32_BIT_CONVERSION = YES;
				GCC_WARN_ABOUT_RETURN_TYPE = YES_ERROR;
				GCC_WARN_UNDECLARED_SELECTOR = YES;
				GCC_WARN_UNINITIALIZED_AUTOS = YES_AGGRESSIVE;
				GCC_WARN_UNUSED_FUNCTION = YES;
				GCC_WARN_UNUSED_VARIABLE = YES;
				IPHONEOS_DEPLOYMENT_TARGET = 16.2;
				MTL_ENABLE_DEBUG_INFO = NO;
				MTL_FAST_MATH = YES;
				SDKROOT = iphoneos;
				SWIFT_COMPILATION_MODE = wholemodule;
				SWIFT_OPTIMIZATION_LEVEL = "-O";
				VALIDATE_PRODUCT = YES;
			};
			name = Release;
		};
		91B197932A31C4EF00075F04 /* Debug */ = {
			isa = XCBuildConfiguration;
			baseConfigurationReference = 18B6F17D3FB7DFCF7958E342 /* Pods-CameraFilter-RxSwift.debug.xcconfig */;
			buildSettings = {
				ASSETCATALOG_COMPILER_APPICON_NAME = AppIcon;
				ASSETCATALOG_COMPILER_GLOBAL_ACCENT_COLOR_NAME = AccentColor;
				CODE_SIGN_STYLE = Automatic;
				CURRENT_PROJECT_VERSION = 1;
				DEVELOPMENT_TEAM = SN623CU8P7;
				GENERATE_INFOPLIST_FILE = YES;
				INFOPLIST_FILE = "CameraFilter-RxSwift/Info.plist";
				INFOPLIST_KEY_UIApplicationSupportsIndirectInputEvents = YES;
				INFOPLIST_KEY_UILaunchStoryboardName = LaunchScreen;
				INFOPLIST_KEY_UIMainStoryboardFile = Main;
				INFOPLIST_KEY_UISupportedInterfaceOrientations_iPad = "UIInterfaceOrientationPortrait UIInterfaceOrientationPortraitUpsideDown UIInterfaceOrientationLandscapeLeft UIInterfaceOrientationLandscapeRight";
				INFOPLIST_KEY_UISupportedInterfaceOrientations_iPhone = "UIInterfaceOrientationPortrait UIInterfaceOrientationLandscapeLeft UIInterfaceOrientationLandscapeRight";
				IPHONEOS_DEPLOYMENT_TARGET = 14.0;
				LD_RUNPATH_SEARCH_PATHS = (
					"$(inherited)",
					"@executable_path/Frameworks",
				);
				MARKETING_VERSION = 1.0;
				PRODUCT_BUNDLE_IDENTIFIER = "app.bucktracker.CameraFilter-RxSwift";
				PRODUCT_NAME = "$(TARGET_NAME)";
				SWIFT_EMIT_LOC_STRINGS = YES;
				SWIFT_VERSION = 5.0;
				TARGETED_DEVICE_FAMILY = "1,2";
			};
			name = Debug;
		};
		91B197942A31C4EF00075F04 /* Release */ = {
			isa = XCBuildConfiguration;
			baseConfigurationReference = 72F5178ACAC415CBF92D7D93 /* Pods-CameraFilter-RxSwift.release.xcconfig */;
			buildSettings = {
				ASSETCATALOG_COMPILER_APPICON_NAME = AppIcon;
				ASSETCATALOG_COMPILER_GLOBAL_ACCENT_COLOR_NAME = AccentColor;
				CODE_SIGN_STYLE = Automatic;
				CURRENT_PROJECT_VERSION = 1;
				DEVELOPMENT_TEAM = SN623CU8P7;
				GENERATE_INFOPLIST_FILE = YES;
				INFOPLIST_FILE = "CameraFilter-RxSwift/Info.plist";
				INFOPLIST_KEY_UIApplicationSupportsIndirectInputEvents = YES;
				INFOPLIST_KEY_UILaunchStoryboardName = LaunchScreen;
				INFOPLIST_KEY_UIMainStoryboardFile = Main;
				INFOPLIST_KEY_UISupportedInterfaceOrientations_iPad = "UIInterfaceOrientationPortrait UIInterfaceOrientationPortraitUpsideDown UIInterfaceOrientationLandscapeLeft UIInterfaceOrientationLandscapeRight";
				INFOPLIST_KEY_UISupportedInterfaceOrientations_iPhone = "UIInterfaceOrientationPortrait UIInterfaceOrientationLandscapeLeft UIInterfaceOrientationLandscapeRight";
				IPHONEOS_DEPLOYMENT_TARGET = 14.0;
				LD_RUNPATH_SEARCH_PATHS = (
					"$(inherited)",
					"@executable_path/Frameworks",
				);
				MARKETING_VERSION = 1.0;
				PRODUCT_BUNDLE_IDENTIFIER = "app.bucktracker.CameraFilter-RxSwift";
				PRODUCT_NAME = "$(TARGET_NAME)";
				SWIFT_EMIT_LOC_STRINGS = YES;
				SWIFT_VERSION = 5.0;
				TARGETED_DEVICE_FAMILY = "1,2";
			};
			name = Release;
		};
		91B197962A31C4EF00075F04 /* Debug */ = {
			isa = XCBuildConfiguration;
			baseConfigurationReference = 23D7E5A361FE73B5F860B4F1 /* Pods-CameraFilter-RxSwiftTests.debug.xcconfig */;
			buildSettings = {
				ALWAYS_EMBED_SWIFT_STANDARD_LIBRARIES = YES;
				BUNDLE_LOADER = "$(TEST_HOST)";
				CODE_SIGN_STYLE = Automatic;
				CURRENT_PROJECT_VERSION = 1;
				DEVELOPMENT_TEAM = SN623CU8P7;
				GENERATE_INFOPLIST_FILE = YES;
				IPHONEOS_DEPLOYMENT_TARGET = 16.2;
				MARKETING_VERSION = 1.0;
				PRODUCT_BUNDLE_IDENTIFIER = "app.bucktracker.CameraFilter-RxSwiftTests";
				PRODUCT_NAME = "$(TARGET_NAME)";
				SWIFT_EMIT_LOC_STRINGS = NO;
				SWIFT_VERSION = 5.0;
				TARGETED_DEVICE_FAMILY = "1,2";
				TEST_HOST = "$(BUILT_PRODUCTS_DIR)/CameraFilter-RxSwift.app/$(BUNDLE_EXECUTABLE_FOLDER_PATH)/CameraFilter-RxSwift";
			};
			name = Debug;
		};
		91B197972A31C4EF00075F04 /* Release */ = {
			isa = XCBuildConfiguration;
			baseConfigurationReference = 194DEE4365542DAB6A011E81 /* Pods-CameraFilter-RxSwiftTests.release.xcconfig */;
			buildSettings = {
				ALWAYS_EMBED_SWIFT_STANDARD_LIBRARIES = YES;
				BUNDLE_LOADER = "$(TEST_HOST)";
				CODE_SIGN_STYLE = Automatic;
				CURRENT_PROJECT_VERSION = 1;
				DEVELOPMENT_TEAM = SN623CU8P7;
				GENERATE_INFOPLIST_FILE = YES;
				IPHONEOS_DEPLOYMENT_TARGET = 16.2;
				MARKETING_VERSION = 1.0;
				PRODUCT_BUNDLE_IDENTIFIER = "app.bucktracker.CameraFilter-RxSwiftTests";
				PRODUCT_NAME = "$(TARGET_NAME)";
				SWIFT_EMIT_LOC_STRINGS = NO;
				SWIFT_VERSION = 5.0;
				TARGETED_DEVICE_FAMILY = "1,2";
				TEST_HOST = "$(BUILT_PRODUCTS_DIR)/CameraFilter-RxSwift.app/$(BUNDLE_EXECUTABLE_FOLDER_PATH)/CameraFilter-RxSwift";
			};
			name = Release;
		};
		91B197992A31C4EF00075F04 /* Debug */ = {
			isa = XCBuildConfiguration;
			baseConfigurationReference = ABE408FBFD7CBC980F2F7D2A /* Pods-CameraFilter-RxSwift-CameraFilter-RxSwiftUITests.debug.xcconfig */;
			buildSettings = {
				ALWAYS_EMBED_SWIFT_STANDARD_LIBRARIES = YES;
				CODE_SIGN_STYLE = Automatic;
				CURRENT_PROJECT_VERSION = 1;
				DEVELOPMENT_TEAM = SN623CU8P7;
				GENERATE_INFOPLIST_FILE = YES;
				MARKETING_VERSION = 1.0;
				PRODUCT_BUNDLE_IDENTIFIER = "app.bucktracker.CameraFilter-RxSwiftUITests";
				PRODUCT_NAME = "$(TARGET_NAME)";
				SWIFT_EMIT_LOC_STRINGS = NO;
				SWIFT_VERSION = 5.0;
				TARGETED_DEVICE_FAMILY = "1,2";
				TEST_TARGET_NAME = "CameraFilter-RxSwift";
			};
			name = Debug;
		};
		91B1979A2A31C4EF00075F04 /* Release */ = {
			isa = XCBuildConfiguration;
			baseConfigurationReference = 5B11EDB47BABA52A1F53A169 /* Pods-CameraFilter-RxSwift-CameraFilter-RxSwiftUITests.release.xcconfig */;
			buildSettings = {
				ALWAYS_EMBED_SWIFT_STANDARD_LIBRARIES = YES;
				CODE_SIGN_STYLE = Automatic;
				CURRENT_PROJECT_VERSION = 1;
				DEVELOPMENT_TEAM = SN623CU8P7;
				GENERATE_INFOPLIST_FILE = YES;
				MARKETING_VERSION = 1.0;
				PRODUCT_BUNDLE_IDENTIFIER = "app.bucktracker.CameraFilter-RxSwiftUITests";
				PRODUCT_NAME = "$(TARGET_NAME)";
				SWIFT_EMIT_LOC_STRINGS = NO;
				SWIFT_VERSION = 5.0;
				TARGETED_DEVICE_FAMILY = "1,2";
				TEST_TARGET_NAME = "CameraFilter-RxSwift";
			};
			name = Release;
		};
/* End XCBuildConfiguration section */

/* Begin XCConfigurationList section */
		91B197632A31C4ED00075F04 /* Build configuration list for PBXProject "CameraFilter-RxSwift" */ = {
			isa = XCConfigurationList;
			buildConfigurations = (
				91B197902A31C4EF00075F04 /* Debug */,
				91B197912A31C4EF00075F04 /* Release */,
			);
			defaultConfigurationIsVisible = 0;
			defaultConfigurationName = Release;
		};
		91B197922A31C4EF00075F04 /* Build configuration list for PBXNativeTarget "CameraFilter-RxSwift" */ = {
			isa = XCConfigurationList;
			buildConfigurations = (
				91B197932A31C4EF00075F04 /* Debug */,
				91B197942A31C4EF00075F04 /* Release */,
			);
			defaultConfigurationIsVisible = 0;
			defaultConfigurationName = Release;
		};
		91B197952A31C4EF00075F04 /* Build configuration list for PBXNativeTarget "CameraFilter-RxSwiftTests" */ = {
			isa = XCConfigurationList;
			buildConfigurations = (
				91B197962A31C4EF00075F04 /* Debug */,
				91B197972A31C4EF00075F04 /* Release */,
			);
			defaultConfigurationIsVisible = 0;
			defaultConfigurationName = Release;
		};
		91B197982A31C4EF00075F04 /* Build configuration list for PBXNativeTarget "CameraFilter-RxSwiftUITests" */ = {
			isa = XCConfigurationList;
			buildConfigurations = (
				91B197992A31C4EF00075F04 /* Debug */,
				91B1979A2A31C4EF00075F04 /* Release */,
			);
			defaultConfigurationIsVisible = 0;
			defaultConfigurationName = Release;
		};
/* End XCConfigurationList section */
	};
	rootObject = 91B197602A31C4ED00075F04 /* Project object */;
}
